
Microsoft Visual Studio Solution File, Format Version 12.00
# Visual Studio Version 17
VisualStudioVersion = 17.0.32112.339
MinimumVisualStudioVersion = 10.0.40219.1
Project("{FAE04EC0-301F-11D3-BF4B-00C04F79EFBC}") = "ShopManegmentApp", "ShopManegmentApp\ShopManegmentApp.csproj", "{617A2C57-2193-49EC-8B13-B644618E1552}"
EndProject
Global
	GlobalSection(SolutionConfigurationPlatforms) = preSolution
		Debug|Any CPU = Debug|Any CPU
		Release|Any CPU = Release|Any CPU
	EndGlobalSection
	GlobalSection(ProjectConfigurationPlatforms) = postSolution
		{617A2C57-2193-49EC-8B13-B644618E1552}.Debug|Any CPU.ActiveCfg = Debug|Any CPU
		{617A2C57-2193-49EC-8B13-B644618E1552}.Debug|Any CPU.Build.0 = Debug|Any CPU
		{617A2C57-2193-49EC-8B13-B644618E1552}.Release|Any CPU.ActiveCfg = Release|Any CPU
		{617A2C57-2193-49EC-8B13-B644618E1552}.Release|Any CPU.Build.0 = Release|Any CPU
	EndGlobalSection
	GlobalSection(SolutionProperties) = preSolution
		HideSolutionNode = FALSE
	EndGlobalSection
	GlobalSection(ExtensibilityGlobals) = postSolution
		SolutionGuid = {95430571-AD69-43F9-9A00-8931B53E20F4}
	EndGlobalSection
EndGlobal
