
Microsoft Visual Studio Solution File, Format Version 12.00
# Visual Studio Version 17
VisualStudioVersion = 17.0.32112.339
MinimumVisualStudioVersion = 10.0.40219.1
Project("{FAE04EC0-301F-11D3-BF4B-00C04F79EFBC}") = "ShopApplication", "ShopApplication\ShopApplication.csproj", "{A6038B4C-D7F0-4791-B8E1-05B9F4744FB0}"
EndProject
Global
	GlobalSection(SolutionConfigurationPlatforms) = preSolution
		Debug|Any CPU = Debug|Any CPU
		Release|Any CPU = Release|Any CPU
	EndGlobalSection
	GlobalSection(ProjectConfigurationPlatforms) = postSolution
		{A6038B4C-D7F0-4791-B8E1-05B9F4744FB0}.Debug|Any CPU.ActiveCfg = Debug|Any CPU
		{A6038B4C-D7F0-4791-B8E1-05B9F4744FB0}.Debug|Any CPU.Build.0 = Debug|Any CPU
		{A6038B4C-D7F0-4791-B8E1-05B9F4744FB0}.Release|Any CPU.ActiveCfg = Release|Any CPU
		{A6038B4C-D7F0-4791-B8E1-05B9F4744FB0}.Release|Any CPU.Build.0 = Release|Any CPU
	EndGlobalSection
	GlobalSection(SolutionProperties) = preSolution
		HideSolutionNode = FALSE
	EndGlobalSection
	GlobalSection(ExtensibilityGlobals) = postSolution
		SolutionGuid = {95718F74-281A-467C-AC77-B0641A6E079C}
	EndGlobalSection
EndGlobal
