
Microsoft Visual Studio Solution File, Format Version 12.00
# Visual Studio Version 17
VisualStudioVersion = 17.0.32112.339
MinimumVisualStudioVersion = 10.0.40219.1
Project("{FAE04EC0-301F-11D3-BF4B-00C04F79EFBC}") = "P7", "P7\P7.csproj", "{46BD748E-C4FF-4D6B-81E9-2746372BF2D8}"
EndProject
Project("{FAE04EC0-301F-11D3-BF4B-00C04F79EFBC}") = "Sodas", "Sodas\Sodas.csproj", "{492B1F77-3506-4AF6-8B1A-989384B5FB8D}"
EndProject
Project("{FAE04EC0-301F-11D3-BF4B-00C04F79EFBC}") = "Namas", "Namas\Namas.csproj", "{3F3E9FB1-8E57-46E9-B08C-A9B7F6F6DC88}"
EndProject
Project("{FAE04EC0-301F-11D3-BF4B-00C04F79EFBC}") = "Fakultetas", "Fakultetas\Fakultetas.csproj", "{449FB778-F2D7-4B65-B8DD-B0B3C1E26FC8}"
EndProject
Project("{FAE04EC0-301F-11D3-BF4B-00C04F79EFBC}") = "FakultetoPavadinimas", "FakultetoPavadinimas\FakultetoPavadinimas.csproj", "{0C277792-9417-4585-A733-B8B5034A8308}"
EndProject
Project("{FAE04EC0-301F-11D3-BF4B-00C04F79EFBC}") = "SuliniuUzterstumas", "SuliniuUzterstumas\SuliniuUzterstumas.csproj", "{B897832E-19C8-47BF-8080-CC1CA5520982}"
EndProject
Project("{FAE04EC0-301F-11D3-BF4B-00C04F79EFBC}") = "Indėliai", "Indėliai\Indėliai.csproj", "{38DA9078-316A-480D-8032-AC50E8DE35B4}"
EndProject
Project("{FAE04EC0-301F-11D3-BF4B-00C04F79EFBC}") = "Bukletai", "Bukletai\Bukletai.csproj", "{1AEF3D5A-3FDE-48BE-9873-80E8AFA57401}"
EndProject
Project("{FAE04EC0-301F-11D3-BF4B-00C04F79EFBC}") = "Spausdintuvai", "Spausdintuvai\Spausdintuvai.csproj", "{1E231267-2D7D-4C3D-98BF-D7D10308E30F}"
EndProject
Global
	GlobalSection(SolutionConfigurationPlatforms) = preSolution
		Debug|Any CPU = Debug|Any CPU
		Release|Any CPU = Release|Any CPU
	EndGlobalSection
	GlobalSection(ProjectConfigurationPlatforms) = postSolution
		{46BD748E-C4FF-4D6B-81E9-2746372BF2D8}.Debug|Any CPU.ActiveCfg = Debug|Any CPU
		{46BD748E-C4FF-4D6B-81E9-2746372BF2D8}.Debug|Any CPU.Build.0 = Debug|Any CPU
		{46BD748E-C4FF-4D6B-81E9-2746372BF2D8}.Release|Any CPU.ActiveCfg = Release|Any CPU
		{46BD748E-C4FF-4D6B-81E9-2746372BF2D8}.Release|Any CPU.Build.0 = Release|Any CPU
		{492B1F77-3506-4AF6-8B1A-989384B5FB8D}.Debug|Any CPU.ActiveCfg = Debug|Any CPU
		{492B1F77-3506-4AF6-8B1A-989384B5FB8D}.Debug|Any CPU.Build.0 = Debug|Any CPU
		{492B1F77-3506-4AF6-8B1A-989384B5FB8D}.Release|Any CPU.ActiveCfg = Release|Any CPU
		{492B1F77-3506-4AF6-8B1A-989384B5FB8D}.Release|Any CPU.Build.0 = Release|Any CPU
		{3F3E9FB1-8E57-46E9-B08C-A9B7F6F6DC88}.Debug|Any CPU.ActiveCfg = Debug|Any CPU
		{3F3E9FB1-8E57-46E9-B08C-A9B7F6F6DC88}.Debug|Any CPU.Build.0 = Debug|Any CPU
		{3F3E9FB1-8E57-46E9-B08C-A9B7F6F6DC88}.Release|Any CPU.ActiveCfg = Release|Any CPU
		{3F3E9FB1-8E57-46E9-B08C-A9B7F6F6DC88}.Release|Any CPU.Build.0 = Release|Any CPU
		{449FB778-F2D7-4B65-B8DD-B0B3C1E26FC8}.Debug|Any CPU.ActiveCfg = Debug|Any CPU
		{449FB778-F2D7-4B65-B8DD-B0B3C1E26FC8}.Debug|Any CPU.Build.0 = Debug|Any CPU
		{449FB778-F2D7-4B65-B8DD-B0B3C1E26FC8}.Release|Any CPU.ActiveCfg = Release|Any CPU
		{449FB778-F2D7-4B65-B8DD-B0B3C1E26FC8}.Release|Any CPU.Build.0 = Release|Any CPU
		{0C277792-9417-4585-A733-B8B5034A8308}.Debug|Any CPU.ActiveCfg = Debug|Any CPU
		{0C277792-9417-4585-A733-B8B5034A8308}.Debug|Any CPU.Build.0 = Debug|Any CPU
		{0C277792-9417-4585-A733-B8B5034A8308}.Release|Any CPU.ActiveCfg = Release|Any CPU
		{0C277792-9417-4585-A733-B8B5034A8308}.Release|Any CPU.Build.0 = Release|Any CPU
		{B897832E-19C8-47BF-8080-CC1CA5520982}.Debug|Any CPU.ActiveCfg = Debug|Any CPU
		{B897832E-19C8-47BF-8080-CC1CA5520982}.Debug|Any CPU.Build.0 = Debug|Any CPU
		{B897832E-19C8-47BF-8080-CC1CA5520982}.Release|Any CPU.ActiveCfg = Release|Any CPU
		{B897832E-19C8-47BF-8080-CC1CA5520982}.Release|Any CPU.Build.0 = Release|Any CPU
		{38DA9078-316A-480D-8032-AC50E8DE35B4}.Debug|Any CPU.ActiveCfg = Debug|Any CPU
		{38DA9078-316A-480D-8032-AC50E8DE35B4}.Debug|Any CPU.Build.0 = Debug|Any CPU
		{38DA9078-316A-480D-8032-AC50E8DE35B4}.Release|Any CPU.ActiveCfg = Release|Any CPU
		{38DA9078-316A-480D-8032-AC50E8DE35B4}.Release|Any CPU.Build.0 = Release|Any CPU
		{1AEF3D5A-3FDE-48BE-9873-80E8AFA57401}.Debug|Any CPU.ActiveCfg = Debug|Any CPU
		{1AEF3D5A-3FDE-48BE-9873-80E8AFA57401}.Debug|Any CPU.Build.0 = Debug|Any CPU
		{1AEF3D5A-3FDE-48BE-9873-80E8AFA57401}.Release|Any CPU.ActiveCfg = Release|Any CPU
		{1AEF3D5A-3FDE-48BE-9873-80E8AFA57401}.Release|Any CPU.Build.0 = Release|Any CPU
		{1E231267-2D7D-4C3D-98BF-D7D10308E30F}.Debug|Any CPU.ActiveCfg = Debug|Any CPU
		{1E231267-2D7D-4C3D-98BF-D7D10308E30F}.Debug|Any CPU.Build.0 = Debug|Any CPU
		{1E231267-2D7D-4C3D-98BF-D7D10308E30F}.Release|Any CPU.ActiveCfg = Release|Any CPU
		{1E231267-2D7D-4C3D-98BF-D7D10308E30F}.Release|Any CPU.Build.0 = Release|Any CPU
	EndGlobalSection
	GlobalSection(SolutionProperties) = preSolution
		HideSolutionNode = FALSE
	EndGlobalSection
	GlobalSection(ExtensibilityGlobals) = postSolution
		SolutionGuid = {2F1E89F6-13AE-43D0-8AB4-9DD28B1F9975}
	EndGlobalSection
EndGlobal
