
Microsoft Visual Studio Solution File, Format Version 12.00
# Visual Studio Version 17
VisualStudioVersion = 17.0.32112.339
MinimumVisualStudioVersion = 10.0.40219.1
Project("{FAE04EC0-301F-11D3-BF4B-00C04F79EFBC}") = "6.1_Prekybos_bazė", "6.1_Prekybos_bazė\6.1_Prekybos_bazė.csproj", "{E0A383A5-D2B3-4217-9E96-965EA97832EF}"
EndProject
Project("{FAE04EC0-301F-11D3-BF4B-00C04F79EFBC}") = "6.2", "6.2\6.2.csproj", "{6974C41B-C9C7-4C0C-A1B4-87D04F8CCA36}"
EndProject
Project("{FAE04EC0-301F-11D3-BF4B-00C04F79EFBC}") = "6.3_Seimos_islaidos", "6.3_Seimos_islaidos\6.3_Seimos_islaidos.csproj", "{BDE04FC4-F6A3-4490-8F70-9B9D2364C821}"
EndProject
Project("{FAE04EC0-301F-11D3-BF4B-00C04F79EFBC}") = "6.5_MokiniaiInternete", "6.5_MokiniaiInternete\6.5_MokiniaiInternete.csproj", "{08E43E43-B405-470B-89D5-377926573EC2}"
EndProject
Global
	GlobalSection(SolutionConfigurationPlatforms) = preSolution
		Debug|Any CPU = Debug|Any CPU
		Release|Any CPU = Release|Any CPU
	EndGlobalSection
	GlobalSection(ProjectConfigurationPlatforms) = postSolution
		{E0A383A5-D2B3-4217-9E96-965EA97832EF}.Debug|Any CPU.ActiveCfg = Debug|Any CPU
		{E0A383A5-D2B3-4217-9E96-965EA97832EF}.Debug|Any CPU.Build.0 = Debug|Any CPU
		{E0A383A5-D2B3-4217-9E96-965EA97832EF}.Release|Any CPU.ActiveCfg = Release|Any CPU
		{E0A383A5-D2B3-4217-9E96-965EA97832EF}.Release|Any CPU.Build.0 = Release|Any CPU
		{6974C41B-C9C7-4C0C-A1B4-87D04F8CCA36}.Debug|Any CPU.ActiveCfg = Debug|Any CPU
		{6974C41B-C9C7-4C0C-A1B4-87D04F8CCA36}.Debug|Any CPU.Build.0 = Debug|Any CPU
		{6974C41B-C9C7-4C0C-A1B4-87D04F8CCA36}.Release|Any CPU.ActiveCfg = Release|Any CPU
		{6974C41B-C9C7-4C0C-A1B4-87D04F8CCA36}.Release|Any CPU.Build.0 = Release|Any CPU
		{BDE04FC4-F6A3-4490-8F70-9B9D2364C821}.Debug|Any CPU.ActiveCfg = Debug|Any CPU
		{BDE04FC4-F6A3-4490-8F70-9B9D2364C821}.Debug|Any CPU.Build.0 = Debug|Any CPU
		{BDE04FC4-F6A3-4490-8F70-9B9D2364C821}.Release|Any CPU.ActiveCfg = Release|Any CPU
		{BDE04FC4-F6A3-4490-8F70-9B9D2364C821}.Release|Any CPU.Build.0 = Release|Any CPU
		{08E43E43-B405-470B-89D5-377926573EC2}.Debug|Any CPU.ActiveCfg = Debug|Any CPU
		{08E43E43-B405-470B-89D5-377926573EC2}.Debug|Any CPU.Build.0 = Debug|Any CPU
		{08E43E43-B405-470B-89D5-377926573EC2}.Release|Any CPU.ActiveCfg = Release|Any CPU
		{08E43E43-B405-470B-89D5-377926573EC2}.Release|Any CPU.Build.0 = Release|Any CPU
	EndGlobalSection
	GlobalSection(SolutionProperties) = preSolution
		HideSolutionNode = FALSE
	EndGlobalSection
	GlobalSection(ExtensibilityGlobals) = postSolution
		SolutionGuid = {3FCA0B23-461B-4088-B901-2CE462B24D44}
	EndGlobalSection
EndGlobal
